
Microsoft Visual Studio Solution File, Format Version 12.00
# Visual Studio 14
VisualStudioVersion = 14.0.23107.0
MinimumVisualStudioVersion = 10.0.40219.1
Project("{2150E333-8FDC-42A3-9474-1A3956D46DE8}") = "Source", "Source", "{BBC44229-96F1-4064-8E60-EA266CB2F88E}"
EndProject
Project("{2150E333-8FDC-42A3-9474-1A3956D46DE8}") = "Unit Tests", "Unit Tests", "{B72ACEF2-922C-421F-B647-A9C4CC7C2599}"
EndProject
Project("{FAE04EC0-301F-11D3-BF4B-00C04F79EFBC}") = "BloomSales.Services.Contracts", "Source\BloomSales.Services.Contracts\BloomSales.Services.Contracts.csproj", "{59DF4E09-23DB-4900-B35B-2FE7E56F3521}"
EndProject
Project("{FAE04EC0-301F-11D3-BF4B-00C04F79EFBC}") = "BloomSales.Services", "Source\BloomSales.Services\BloomSales.Services.csproj", "{0A471DC3-8168-4CC1-B006-8394024E604A}"
EndProject
Project("{FAE04EC0-301F-11D3-BF4B-00C04F79EFBC}") = "BloomSales.Services.Proxies", "Source\BloomSales.Services.Proxies\BloomSales.Services.Proxies.csproj", "{41FAE1CF-6134-4A38-9ECE-A39AE35BE037}"
EndProject
Project("{FAE04EC0-301F-11D3-BF4B-00C04F79EFBC}") = "BloomSales.Data.Entities", "Source\BloomSales.Data.Entities\BloomSales.Data.Entities.csproj", "{EE098159-ACD9-4937-AC4D-6AB25713D30A}"
EndProject
Project("{FAE04EC0-301F-11D3-BF4B-00C04F79EFBC}") = "BloomSales.Data", "Source\BloomSales.Data\BloomSales.Data.csproj", "{E9121EFD-7B75-4B82-9BF7-892AF2036CE2}"
EndProject
Project("{2150E333-8FDC-42A3-9474-1A3956D46DE8}") = ".nuget", ".nuget", "{8E876510-0536-4580-BEF4-7EB6DCFD87F6}"
	ProjectSection(SolutionItems) = preProject
		.nuget\NuGet.Config = .nuget\NuGet.Config
		.nuget\NuGet.exe = .nuget\NuGet.exe
		.nuget\NuGet.targets = .nuget\NuGet.targets
	EndProjectSection
EndProject
Project("{FAE04EC0-301F-11D3-BF4B-00C04F79EFBC}") = "BloomSales.Data.Tests", "UnitTests\BloomSales.Data.Tests\BloomSales.Data.Tests.csproj", "{74BAB9F4-4740-49EA-9C8D-49F2C950A920}"
EndProject
Project("{FAE04EC0-301F-11D3-BF4B-00C04F79EFBC}") = "BloomSales.Services.Tests", "UnitTests\BloomSales.Services.Tests\BloomSales.Services.Tests.csproj", "{5F96DA46-09FD-40AB-941B-B8F4EE23FD60}"
EndProject
Project("{FAE04EC0-301F-11D3-BF4B-00C04F79EFBC}") = "BloomSales.TestHelpers", "Source\BloomSales.TestHelpers\BloomSales.TestHelpers.csproj", "{083AAAB8-22D0-4836-8D92-3C6AC1541119}"
EndProject
Project("{2150E333-8FDC-42A3-9474-1A3956D46DE8}") = "Integration Tests", "Integration Tests", "{09BED3A1-D57F-43E9-B19E-24281F314094}"
EndProject
Project("{FAE04EC0-301F-11D3-BF4B-00C04F79EFBC}") = "BloomSales.Services.IntegrationTests", "IntegrationTests\BloomSales.Services.IntegrationTests\BloomSales.Services.IntegrationTests.csproj", "{2DE0BE4D-DA45-40B0-8976-D5F017515DAC}"
EndProject
Global
	GlobalSection(SolutionConfigurationPlatforms) = preSolution
		Debug|Any CPU = Debug|Any CPU
		Release|Any CPU = Release|Any CPU
	EndGlobalSection
	GlobalSection(ProjectConfigurationPlatforms) = postSolution
		{59DF4E09-23DB-4900-B35B-2FE7E56F3521}.Debug|Any CPU.ActiveCfg = Debug|Any CPU
		{59DF4E09-23DB-4900-B35B-2FE7E56F3521}.Debug|Any CPU.Build.0 = Debug|Any CPU
		{59DF4E09-23DB-4900-B35B-2FE7E56F3521}.Release|Any CPU.ActiveCfg = Release|Any CPU
		{59DF4E09-23DB-4900-B35B-2FE7E56F3521}.Release|Any CPU.Build.0 = Release|Any CPU
		{0A471DC3-8168-4CC1-B006-8394024E604A}.Debug|Any CPU.ActiveCfg = Debug|Any CPU
		{0A471DC3-8168-4CC1-B006-8394024E604A}.Debug|Any CPU.Build.0 = Debug|Any CPU
		{0A471DC3-8168-4CC1-B006-8394024E604A}.Release|Any CPU.ActiveCfg = Release|Any CPU
		{0A471DC3-8168-4CC1-B006-8394024E604A}.Release|Any CPU.Build.0 = Release|Any CPU
		{41FAE1CF-6134-4A38-9ECE-A39AE35BE037}.Debug|Any CPU.ActiveCfg = Debug|Any CPU
		{41FAE1CF-6134-4A38-9ECE-A39AE35BE037}.Debug|Any CPU.Build.0 = Debug|Any CPU
		{41FAE1CF-6134-4A38-9ECE-A39AE35BE037}.Release|Any CPU.ActiveCfg = Release|Any CPU
		{41FAE1CF-6134-4A38-9ECE-A39AE35BE037}.Release|Any CPU.Build.0 = Release|Any CPU
		{EE098159-ACD9-4937-AC4D-6AB25713D30A}.Debug|Any CPU.ActiveCfg = Debug|Any CPU
		{EE098159-ACD9-4937-AC4D-6AB25713D30A}.Debug|Any CPU.Build.0 = Debug|Any CPU
		{EE098159-ACD9-4937-AC4D-6AB25713D30A}.Release|Any CPU.ActiveCfg = Release|Any CPU
		{EE098159-ACD9-4937-AC4D-6AB25713D30A}.Release|Any CPU.Build.0 = Release|Any CPU
		{E9121EFD-7B75-4B82-9BF7-892AF2036CE2}.Debug|Any CPU.ActiveCfg = Debug|Any CPU
		{E9121EFD-7B75-4B82-9BF7-892AF2036CE2}.Debug|Any CPU.Build.0 = Debug|Any CPU
		{E9121EFD-7B75-4B82-9BF7-892AF2036CE2}.Release|Any CPU.ActiveCfg = Release|Any CPU
		{E9121EFD-7B75-4B82-9BF7-892AF2036CE2}.Release|Any CPU.Build.0 = Release|Any CPU
		{74BAB9F4-4740-49EA-9C8D-49F2C950A920}.Debug|Any CPU.ActiveCfg = Debug|Any CPU
		{74BAB9F4-4740-49EA-9C8D-49F2C950A920}.Debug|Any CPU.Build.0 = Debug|Any CPU
		{74BAB9F4-4740-49EA-9C8D-49F2C950A920}.Release|Any CPU.ActiveCfg = Release|Any CPU
		{74BAB9F4-4740-49EA-9C8D-49F2C950A920}.Release|Any CPU.Build.0 = Release|Any CPU
		{5F96DA46-09FD-40AB-941B-B8F4EE23FD60}.Debug|Any CPU.ActiveCfg = Debug|Any CPU
		{5F96DA46-09FD-40AB-941B-B8F4EE23FD60}.Debug|Any CPU.Build.0 = Debug|Any CPU
		{5F96DA46-09FD-40AB-941B-B8F4EE23FD60}.Release|Any CPU.ActiveCfg = Release|Any CPU
		{5F96DA46-09FD-40AB-941B-B8F4EE23FD60}.Release|Any CPU.Build.0 = Release|Any CPU
		{083AAAB8-22D0-4836-8D92-3C6AC1541119}.Debug|Any CPU.ActiveCfg = Debug|Any CPU
		{083AAAB8-22D0-4836-8D92-3C6AC1541119}.Debug|Any CPU.Build.0 = Debug|Any CPU
		{083AAAB8-22D0-4836-8D92-3C6AC1541119}.Release|Any CPU.ActiveCfg = Release|Any CPU
		{083AAAB8-22D0-4836-8D92-3C6AC1541119}.Release|Any CPU.Build.0 = Release|Any CPU
		{2DE0BE4D-DA45-40B0-8976-D5F017515DAC}.Debug|Any CPU.ActiveCfg = Debug|Any CPU
		{2DE0BE4D-DA45-40B0-8976-D5F017515DAC}.Debug|Any CPU.Build.0 = Debug|Any CPU
		{2DE0BE4D-DA45-40B0-8976-D5F017515DAC}.Release|Any CPU.ActiveCfg = Release|Any CPU
		{2DE0BE4D-DA45-40B0-8976-D5F017515DAC}.Release|Any CPU.Build.0 = Release|Any CPU
	EndGlobalSection
	GlobalSection(SolutionProperties) = preSolution
		HideSolutionNode = FALSE
	EndGlobalSection
	GlobalSection(NestedProjects) = preSolution
		{59DF4E09-23DB-4900-B35B-2FE7E56F3521} = {BBC44229-96F1-4064-8E60-EA266CB2F88E}
		{0A471DC3-8168-4CC1-B006-8394024E604A} = {BBC44229-96F1-4064-8E60-EA266CB2F88E}
		{41FAE1CF-6134-4A38-9ECE-A39AE35BE037} = {BBC44229-96F1-4064-8E60-EA266CB2F88E}
		{EE098159-ACD9-4937-AC4D-6AB25713D30A} = {BBC44229-96F1-4064-8E60-EA266CB2F88E}
		{E9121EFD-7B75-4B82-9BF7-892AF2036CE2} = {BBC44229-96F1-4064-8E60-EA266CB2F88E}
		{74BAB9F4-4740-49EA-9C8D-49F2C950A920} = {B72ACEF2-922C-421F-B647-A9C4CC7C2599}
		{5F96DA46-09FD-40AB-941B-B8F4EE23FD60} = {B72ACEF2-922C-421F-B647-A9C4CC7C2599}
		{083AAAB8-22D0-4836-8D92-3C6AC1541119} = {BBC44229-96F1-4064-8E60-EA266CB2F88E}
		{2DE0BE4D-DA45-40B0-8976-D5F017515DAC} = {09BED3A1-D57F-43E9-B19E-24281F314094}
	EndGlobalSection
EndGlobal
