
Microsoft Visual Studio Solution File, Format Version 12.00
# Visual Studio 14
VisualStudioVersion = 14.0.25123.0
MinimumVisualStudioVersion = 10.0.40219.1
Project("{2150E333-8FDC-42A3-9474-1A3956D46DE8}") = "Source", "Source", "{5353155D-FFB4-4B39-B81B-288EA14203AC}"
EndProject
Project("{2150E333-8FDC-42A3-9474-1A3956D46DE8}") = "Unit Tests", "Unit Tests", "{3BB7D230-2F17-417B-8AC9-7FF5E7EB7413}"
EndProject
Project("{FAE04EC0-301F-11D3-BF4B-00C04F79EFBC}") = "BloomSales.Web.Store", "Source\BloomSales.Web.Store\BloomSales.Web.Store.csproj", "{EA376268-F164-40A3-A48A-E0E46690E263}"
EndProject
Project("{FAE04EC0-301F-11D3-BF4B-00C04F79EFBC}") = "BloomSales.Web.Store.Tests", "UnitTests\BloomSales.Web.Store.Tests\BloomSales.Web.Store.Tests.csproj", "{2A5A1B12-54EC-4947-9A85-E4D89DEB6AC4}"
EndProject
Global
	GlobalSection(SolutionConfigurationPlatforms) = preSolution
		Debug|Any CPU = Debug|Any CPU
		Release|Any CPU = Release|Any CPU
	EndGlobalSection
	GlobalSection(ProjectConfigurationPlatforms) = postSolution
		{EA376268-F164-40A3-A48A-E0E46690E263}.Debug|Any CPU.ActiveCfg = Debug|Any CPU
		{EA376268-F164-40A3-A48A-E0E46690E263}.Debug|Any CPU.Build.0 = Debug|Any CPU
		{EA376268-F164-40A3-A48A-E0E46690E263}.Release|Any CPU.ActiveCfg = Release|Any CPU
		{EA376268-F164-40A3-A48A-E0E46690E263}.Release|Any CPU.Build.0 = Release|Any CPU
		{2A5A1B12-54EC-4947-9A85-E4D89DEB6AC4}.Debug|Any CPU.ActiveCfg = Debug|Any CPU
		{2A5A1B12-54EC-4947-9A85-E4D89DEB6AC4}.Debug|Any CPU.Build.0 = Debug|Any CPU
		{2A5A1B12-54EC-4947-9A85-E4D89DEB6AC4}.Release|Any CPU.ActiveCfg = Release|Any CPU
		{2A5A1B12-54EC-4947-9A85-E4D89DEB6AC4}.Release|Any CPU.Build.0 = Release|Any CPU
	EndGlobalSection
	GlobalSection(SolutionProperties) = preSolution
		HideSolutionNode = FALSE
	EndGlobalSection
	GlobalSection(NestedProjects) = preSolution
		{EA376268-F164-40A3-A48A-E0E46690E263} = {5353155D-FFB4-4B39-B81B-288EA14203AC}
		{2A5A1B12-54EC-4947-9A85-E4D89DEB6AC4} = {3BB7D230-2F17-417B-8AC9-7FF5E7EB7413}
	EndGlobalSection
EndGlobal
